lockfileVersion: '9.0'

settings:
  autoInstallPeers: true
  excludeLinksFromLockfile: false

importers:

  .:
    devDependencies:
      '@eslint/js':
        specifier: ^9.35.0
        version: 9.35.0
      eslint:
        specifier: ^9.35.0
        version: 9.35.0
      turbo:
        specifier: ^2.5.6
        version: 2.5.6
      typescript:
        specifier: ^5.9.2
        version: 5.9.2
      typescript-eslint:
        specifier: ^8.42.0
        version: 8.42.0
      vitest:
        specifier: ^3.2.4
        version: 3.2.4

packages: {}
